
Microsoft Visual Studio Solution File, Format Version 12.00
# Visual Studio 15
VisualStudioVersion = 15.0.27703.1
MinimumVisualStudioVersion = 10.0.40219.1
Project("{FAE04EC0-301F-11D3-BF4B-00C04F79EFBC}") = "FinalJS", "FinalJS\FinalJS.csproj", "{C20790D5-B018-45AB-8FC2-5966078B4F10}"
EndProject
Global
	GlobalSection(SolutionConfigurationPlatforms) = preSolution
		Debug|Any CPU = Debug|Any CPU
		Release|Any CPU = Release|Any CPU
	EndGlobalSection
	GlobalSection(ProjectConfigurationPlatforms) = postSolution
		{C20790D5-B018-45AB-8FC2-5966078B4F10}.Debug|Any CPU.ActiveCfg = Debug|Any CPU
		{C20790D5-B018-45AB-8FC2-5966078B4F10}.Debug|Any CPU.Build.0 = Debug|Any CPU
		{C20790D5-B018-45AB-8FC2-5966078B4F10}.Release|Any CPU.ActiveCfg = Release|Any CPU
		{C20790D5-B018-45AB-8FC2-5966078B4F10}.Release|Any CPU.Build.0 = Release|Any CPU
	EndGlobalSection
	GlobalSection(SolutionProperties) = preSolution
		HideSolutionNode = FALSE
	EndGlobalSection
	GlobalSection(ExtensibilityGlobals) = postSolution
		SolutionGuid = {80E0A223-526D-4418-A638-ABA22C817585}
	EndGlobalSection
EndGlobal
