
Microsoft Visual Studio Solution File, Format Version 12.00
# Visual Studio 15
VisualStudioVersion = 15.0.27703.1
MinimumVisualStudioVersion = 10.0.40219.1
Project("{FAE04EC0-301F-11D3-BF4B-00C04F79EFBC}") = "CS Excercise 1", "..\..\..\source\repos\CS Excercise 1\CS Excercise 1.csproj", "{60E96D6F-E742-4F82-B5B7-291737769F73}"
EndProject
Global
	GlobalSection(SolutionConfigurationPlatforms) = preSolution
		Debug|Any CPU = Debug|Any CPU
		Release|Any CPU = Release|Any CPU
	EndGlobalSection
	GlobalSection(ProjectConfigurationPlatforms) = postSolution
		{60E96D6F-E742-4F82-B5B7-291737769F73}.Debug|Any CPU.ActiveCfg = Debug|Any CPU
		{60E96D6F-E742-4F82-B5B7-291737769F73}.Debug|Any CPU.Build.0 = Debug|Any CPU
		{60E96D6F-E742-4F82-B5B7-291737769F73}.Release|Any CPU.ActiveCfg = Release|Any CPU
		{60E96D6F-E742-4F82-B5B7-291737769F73}.Release|Any CPU.Build.0 = Release|Any CPU
	EndGlobalSection
	GlobalSection(SolutionProperties) = preSolution
		HideSolutionNode = FALSE
	EndGlobalSection
	GlobalSection(ExtensibilityGlobals) = postSolution
		SolutionGuid = {68659071-F7FC-47BD-8818-AE4C02944FFE}
	EndGlobalSection
EndGlobal
