
Microsoft Visual Studio Solution File, Format Version 12.00
# Visual Studio 15
VisualStudioVersion = 15.0.27703.1
MinimumVisualStudioVersion = 10.0.40219.1
Project("{FAE04EC0-301F-11D3-BF4B-00C04F79EFBC}") = "Exercise 8 Classes and Objects", "Exercise 8 Classes and Objects.csproj", "{22239B45-A500-4499-A073-0173A3CC2A2F}"
EndProject
Global
	GlobalSection(SolutionConfigurationPlatforms) = preSolution
		Debug|Any CPU = Debug|Any CPU
		Release|Any CPU = Release|Any CPU
	EndGlobalSection
	GlobalSection(ProjectConfigurationPlatforms) = postSolution
		{22239B45-A500-4499-A073-0173A3CC2A2F}.Debug|Any CPU.ActiveCfg = Debug|Any CPU
		{22239B45-A500-4499-A073-0173A3CC2A2F}.Debug|Any CPU.Build.0 = Debug|Any CPU
		{22239B45-A500-4499-A073-0173A3CC2A2F}.Release|Any CPU.ActiveCfg = Release|Any CPU
		{22239B45-A500-4499-A073-0173A3CC2A2F}.Release|Any CPU.Build.0 = Release|Any CPU
	EndGlobalSection
	GlobalSection(SolutionProperties) = preSolution
		HideSolutionNode = FALSE
	EndGlobalSection
	GlobalSection(ExtensibilityGlobals) = postSolution
		SolutionGuid = {84F9CA66-AF7B-44B3-B683-668A61221BB4}
	EndGlobalSection
EndGlobal
