
Microsoft Visual Studio Solution File, Format Version 12.00
# Visual Studio 15
VisualStudioVersion = 15.0.27703.1
MinimumVisualStudioVersion = 10.0.40219.1
Project("{FAE04EC0-301F-11D3-BF4B-00C04F79EFBC}") = "CarInsurance", "CarInsurance\CarInsurance.csproj", "{49F9100C-4E7E-40F3-9CCD-3C567D1524C0}"
EndProject
Global
	GlobalSection(SolutionConfigurationPlatforms) = preSolution
		Debug|Any CPU = Debug|Any CPU
		Release|Any CPU = Release|Any CPU
	EndGlobalSection
	GlobalSection(ProjectConfigurationPlatforms) = postSolution
		{49F9100C-4E7E-40F3-9CCD-3C567D1524C0}.Debug|Any CPU.ActiveCfg = Debug|Any CPU
		{49F9100C-4E7E-40F3-9CCD-3C567D1524C0}.Debug|Any CPU.Build.0 = Debug|Any CPU
		{49F9100C-4E7E-40F3-9CCD-3C567D1524C0}.Release|Any CPU.ActiveCfg = Release|Any CPU
		{49F9100C-4E7E-40F3-9CCD-3C567D1524C0}.Release|Any CPU.Build.0 = Release|Any CPU
	EndGlobalSection
	GlobalSection(SolutionProperties) = preSolution
		HideSolutionNode = FALSE
	EndGlobalSection
	GlobalSection(ExtensibilityGlobals) = postSolution
		SolutionGuid = {DE0D183F-D30E-4C06-8392-2326A9754B6B}
	EndGlobalSection
EndGlobal
