
Microsoft Visual Studio Solution File, Format Version 12.00
# Visual Studio 15
VisualStudioVersion = 15.0.27703.1
MinimumVisualStudioVersion = 10.0.40219.1
Project("{FAE04EC0-301F-11D3-BF4B-00C04F79EFBC}") = "TwentyOne", "TwentyOne.csproj", "{EDCD1526-9F4B-4D3A-9D27-E8C69AF0DD82}"
EndProject
Project("{FAE04EC0-301F-11D3-BF4B-00C04F79EFBC}") = "Casino", "Casino\Casino.csproj", "{B720D330-7B01-4C51-84BB-C24023B2496C}"
EndProject
Global
	GlobalSection(SolutionConfigurationPlatforms) = preSolution
		Debug|Any CPU = Debug|Any CPU
		Release|Any CPU = Release|Any CPU
	EndGlobalSection
	GlobalSection(ProjectConfigurationPlatforms) = postSolution
		{EDCD1526-9F4B-4D3A-9D27-E8C69AF0DD82}.Debug|Any CPU.ActiveCfg = Debug|Any CPU
		{EDCD1526-9F4B-4D3A-9D27-E8C69AF0DD82}.Debug|Any CPU.Build.0 = Debug|Any CPU
		{EDCD1526-9F4B-4D3A-9D27-E8C69AF0DD82}.Release|Any CPU.ActiveCfg = Release|Any CPU
		{EDCD1526-9F4B-4D3A-9D27-E8C69AF0DD82}.Release|Any CPU.Build.0 = Release|Any CPU
		{B720D330-7B01-4C51-84BB-C24023B2496C}.Debug|Any CPU.ActiveCfg = Debug|Any CPU
		{B720D330-7B01-4C51-84BB-C24023B2496C}.Debug|Any CPU.Build.0 = Debug|Any CPU
		{B720D330-7B01-4C51-84BB-C24023B2496C}.Release|Any CPU.ActiveCfg = Release|Any CPU
		{B720D330-7B01-4C51-84BB-C24023B2496C}.Release|Any CPU.Build.0 = Release|Any CPU
	EndGlobalSection
	GlobalSection(SolutionProperties) = preSolution
		HideSolutionNode = FALSE
	EndGlobalSection
	GlobalSection(ExtensibilityGlobals) = postSolution
		SolutionGuid = {FE23DF12-01D5-4BA3-8547-FD63691A8D5D}
	EndGlobalSection
EndGlobal
