
Microsoft Visual Studio Solution File, Format Version 12.00
# Visual Studio 15
VisualStudioVersion = 15.0.27703.1
MinimumVisualStudioVersion = 10.0.40219.1
Project("{FAE04EC0-301F-11D3-BF4B-00C04F79EFBC}") = "Exercise 5 Arrays and Lists", "Exercise 5 Arrays and Lists.csproj", "{D515D576-B861-4C46-8AFC-EBD6B2F5A046}"
EndProject
Global
	GlobalSection(SolutionConfigurationPlatforms) = preSolution
		Debug|Any CPU = Debug|Any CPU
		Release|Any CPU = Release|Any CPU
	EndGlobalSection
	GlobalSection(ProjectConfigurationPlatforms) = postSolution
		{D515D576-B861-4C46-8AFC-EBD6B2F5A046}.Debug|Any CPU.ActiveCfg = Debug|Any CPU
		{D515D576-B861-4C46-8AFC-EBD6B2F5A046}.Debug|Any CPU.Build.0 = Debug|Any CPU
		{D515D576-B861-4C46-8AFC-EBD6B2F5A046}.Release|Any CPU.ActiveCfg = Release|Any CPU
		{D515D576-B861-4C46-8AFC-EBD6B2F5A046}.Release|Any CPU.Build.0 = Release|Any CPU
	EndGlobalSection
	GlobalSection(SolutionProperties) = preSolution
		HideSolutionNode = FALSE
	EndGlobalSection
	GlobalSection(ExtensibilityGlobals) = postSolution
		SolutionGuid = {410ED810-EFAF-4301-B6B1-CB5AF783D06C}
	EndGlobalSection
EndGlobal
