
Microsoft Visual Studio Solution File, Format Version 12.00
# Visual Studio 15
VisualStudioVersion = 15.0.27703.1
MinimumVisualStudioVersion = 10.0.40219.1
Project("{FAE04EC0-301F-11D3-BF4B-00C04F79EFBC}") = "Exercise 12 class methods and uses", "Exercise 12 class methods and uses.csproj", "{0189DF50-BAC1-4503-A772-89995BC83A4A}"
EndProject
Global
	GlobalSection(SolutionConfigurationPlatforms) = preSolution
		Debug|Any CPU = Debug|Any CPU
		Release|Any CPU = Release|Any CPU
	EndGlobalSection
	GlobalSection(ProjectConfigurationPlatforms) = postSolution
		{0189DF50-BAC1-4503-A772-89995BC83A4A}.Debug|Any CPU.ActiveCfg = Debug|Any CPU
		{0189DF50-BAC1-4503-A772-89995BC83A4A}.Debug|Any CPU.Build.0 = Debug|Any CPU
		{0189DF50-BAC1-4503-A772-89995BC83A4A}.Release|Any CPU.ActiveCfg = Release|Any CPU
		{0189DF50-BAC1-4503-A772-89995BC83A4A}.Release|Any CPU.Build.0 = Release|Any CPU
	EndGlobalSection
	GlobalSection(SolutionProperties) = preSolution
		HideSolutionNode = FALSE
	EndGlobalSection
	GlobalSection(ExtensibilityGlobals) = postSolution
		SolutionGuid = {6CB15CEB-D93D-4BFB-B365-E127BC0EC0F9}
	EndGlobalSection
EndGlobal
