
Microsoft Visual Studio Solution File, Format Version 12.00
# Visual Studio 15
VisualStudioVersion = 15.0.27703.1
MinimumVisualStudioVersion = 10.0.40219.1
Project("{FAE04EC0-301F-11D3-BF4B-00C04F79EFBC}") = "insurancePracticum", "insurancePracticum\insurancePracticum.csproj", "{5A00E430-B943-4652-B8DF-C09F3BFD680D}"
EndProject
Global
	GlobalSection(SolutionConfigurationPlatforms) = preSolution
		Debug|Any CPU = Debug|Any CPU
		Release|Any CPU = Release|Any CPU
	EndGlobalSection
	GlobalSection(ProjectConfigurationPlatforms) = postSolution
		{5A00E430-B943-4652-B8DF-C09F3BFD680D}.Debug|Any CPU.ActiveCfg = Debug|Any CPU
		{5A00E430-B943-4652-B8DF-C09F3BFD680D}.Debug|Any CPU.Build.0 = Debug|Any CPU
		{5A00E430-B943-4652-B8DF-C09F3BFD680D}.Release|Any CPU.ActiveCfg = Release|Any CPU
		{5A00E430-B943-4652-B8DF-C09F3BFD680D}.Release|Any CPU.Build.0 = Release|Any CPU
	EndGlobalSection
	GlobalSection(SolutionProperties) = preSolution
		HideSolutionNode = FALSE
	EndGlobalSection
	GlobalSection(ExtensibilityGlobals) = postSolution
		SolutionGuid = {1DB34231-F10F-440D-9141-98ABD8847018}
	EndGlobalSection
EndGlobal
