
Microsoft Visual Studio Solution File, Format Version 12.00
# Visual Studio 15
VisualStudioVersion = 15.0.27703.1
MinimumVisualStudioVersion = 10.0.40219.1
Project("{FAE04EC0-301F-11D3-BF4B-00C04F79EFBC}") = "exercise 10 optional perameters", "exercise 10 optional perameters.csproj", "{374A1FAF-0AD3-4F8D-919F-819F645FEF23}"
EndProject
Global
	GlobalSection(SolutionConfigurationPlatforms) = preSolution
		Debug|Any CPU = Debug|Any CPU
		Release|Any CPU = Release|Any CPU
	EndGlobalSection
	GlobalSection(ProjectConfigurationPlatforms) = postSolution
		{374A1FAF-0AD3-4F8D-919F-819F645FEF23}.Debug|Any CPU.ActiveCfg = Debug|Any CPU
		{374A1FAF-0AD3-4F8D-919F-819F645FEF23}.Debug|Any CPU.Build.0 = Debug|Any CPU
		{374A1FAF-0AD3-4F8D-919F-819F645FEF23}.Release|Any CPU.ActiveCfg = Release|Any CPU
		{374A1FAF-0AD3-4F8D-919F-819F645FEF23}.Release|Any CPU.Build.0 = Release|Any CPU
	EndGlobalSection
	GlobalSection(SolutionProperties) = preSolution
		HideSolutionNode = FALSE
	EndGlobalSection
	GlobalSection(ExtensibilityGlobals) = postSolution
		SolutionGuid = {A017578E-58E2-4C05-B04E-70F8BD14AD0B}
	EndGlobalSection
EndGlobal
